
Microsoft Visual Studio Solution File, Format Version 12.00
# Visual Studio Version 16
VisualStudioVersion = 16.0.31410.357
MinimumVisualStudioVersion = 10.0.40219.1
Project("{9A19103F-16F7-4668-BE54-9A1E7A4F7556}") = "PortalClient", "PortalClient.csproj", "{C9530CEF-4E1C-483A-A0FA-25BA6B065210}"
EndProject
Project("{FAE04EC0-301F-11D3-BF4B-00C04F79EFBC}") = "ClientCalls", "..\ClientCalls\ClientCalls.csproj", "{C989DF68-BD88-4E72-9FAE-DEC2E9B9866C}"
EndProject
Global
	GlobalSection(SolutionConfigurationPlatforms) = preSolution
		Debug|Any CPU = Debug|Any CPU
		Release|Any CPU = Release|Any CPU
	EndGlobalSection
	GlobalSection(ProjectConfigurationPlatforms) = postSolution
		{C9530CEF-4E1C-483A-A0FA-25BA6B065210}.Debug|Any CPU.ActiveCfg = Debug|Any CPU
		{C9530CEF-4E1C-483A-A0FA-25BA6B065210}.Debug|Any CPU.Build.0 = Debug|Any CPU
		{C9530CEF-4E1C-483A-A0FA-25BA6B065210}.Release|Any CPU.ActiveCfg = Release|Any CPU
		{C9530CEF-4E1C-483A-A0FA-25BA6B065210}.Release|Any CPU.Build.0 = Release|Any CPU
		{C989DF68-BD88-4E72-9FAE-DEC2E9B9866C}.Debug|Any CPU.ActiveCfg = Debug|Any CPU
		{C989DF68-BD88-4E72-9FAE-DEC2E9B9866C}.Debug|Any CPU.Build.0 = Debug|Any CPU
		{C989DF68-BD88-4E72-9FAE-DEC2E9B9866C}.Release|Any CPU.ActiveCfg = Release|Any CPU
		{C989DF68-BD88-4E72-9FAE-DEC2E9B9866C}.Release|Any CPU.Build.0 = Release|Any CPU
	EndGlobalSection
	GlobalSection(SolutionProperties) = preSolution
		HideSolutionNode = FALSE
	EndGlobalSection
	GlobalSection(ExtensibilityGlobals) = postSolution
		SolutionGuid = {298E5F44-0125-4354-B4AB-BD28A90E01F4}
	EndGlobalSection
EndGlobal
